{
    "_readme": [
        "This file locks the dependencies of your project to a known state",
        "Read more about it at https://getcomposer.org/doc/01-basic-usage.md#installing-dependencies",
        "This file is @generated automatically"
    ],
    "content-hash": "26b85a3861cfe891dc0b92477697b988",
    "packages": [],
    "packages-dev": [
        {
            "name": "swoole/ide-helper",
            "version": "4.4.5",
            "source": {
                "type": "git",
                "url": "https://github.com/swoole/ide-helper.git",
                "reference": "6cedb40f0f91bb047cb44b51bcb72d615993ea2b"
            },
            "dist": {
                "type": "zip",
                "url": "https://api.github.com/repos/swoole/ide-helper/zipball/6cedb40f0f91bb047cb44b51bcb72d615993ea2b",
                "reference": "6cedb40f0f91bb047cb44b51bcb72d615993ea2b",
                "shasum": "",
                "mirrors": [
                    {
                        "url": "https://mirrors.aliyun.com/composer/dists/%package%/%reference%.%type%",
                        "preferred": true
                    }
                ]
            },
            "require-dev": {
                "squizlabs/php_codesniffer": "~3.4.0",
                "zendframework/zend-code": "~3.3.0"
            },
            "type": "library",
            "notification-url": "https://packagist.org/downloads/",
            "license": [
                "Apache-2.0"
            ],
            "authors": [
                {
                    "name": "Team Swoole",
                    "email": "team@swoole.com"
                }
            ],
            "description": "IDE help files for Swoole.",
            "time": "2019-08-30T16:45:49+00:00"
        }
    ],
    "aliases": [],
    "minimum-stability": "stable",
    "stability-flags": [],
    "prefer-stable": false,
    "prefer-lowest": false,
    "platform": {
        "php": "~7.1",
        "ext-swoole": "~4.4"
    },
    "platform-dev": []
}
